
Microsoft Visual Studio Solution File, Format Version 12.00
# Visual Studio Version 17
VisualStudioVersion = 17.6.33829.357
MinimumVisualStudioVersion = 10.0.40219.1
Project("{FAE04EC0-301F-11D3-BF4B-00C04F79EFBC}") = "C_Sharp_for", "C_Sharp_for.csproj", "{C5BA42F4-1282-494E-86A9-A0C963E595E4}"
EndProject
Global
	GlobalSection(SolutionConfigurationPlatforms) = preSolution
		Debug|Any CPU = Debug|Any CPU
		Release|Any CPU = Release|Any CPU
	EndGlobalSection
	GlobalSection(ProjectConfigurationPlatforms) = postSolution
		{C5BA42F4-1282-494E-86A9-A0C963E595E4}.Debug|Any CPU.ActiveCfg = Debug|Any CPU
		{C5BA42F4-1282-494E-86A9-A0C963E595E4}.Debug|Any CPU.Build.0 = Debug|Any CPU
		{C5BA42F4-1282-494E-86A9-A0C963E595E4}.Release|Any CPU.ActiveCfg = Release|Any CPU
		{C5BA42F4-1282-494E-86A9-A0C963E595E4}.Release|Any CPU.Build.0 = Release|Any CPU
	EndGlobalSection
	GlobalSection(SolutionProperties) = preSolution
		HideSolutionNode = FALSE
	EndGlobalSection
	GlobalSection(ExtensibilityGlobals) = postSolution
		SolutionGuid = {6D38B7A6-323A-41FD-8BA1-4E511898671C}
	EndGlobalSection
EndGlobal
